// !$*UTF8*$!
{
	archiveVersion = 1;
	classes = {
	};
	objectVersion = 46;
	objects = {

/* Begin PBXBuildFile section */
		347684381BA5195600F1B53C /* main.m in Sources */ = {isa = PBXBuildFile; fileRef = 347684371BA5195600F1B53C /* main.m */; };
		3476843B1BA5195600F1B53C /* AppDelegate.m in Sources */ = {isa = PBXBuildFile; fileRef = 3476843A1BA5195600F1B53C /* AppDelegate.m */; };
		3476843E1BA5195600F1B53C /* ViewController.m in Sources */ = {isa = PBXBuildFile; fileRef = 3476843D1BA5195600F1B53C /* ViewController.m */; };
		347684411BA5195600F1B53C /* Main.storyboard in Resources */ = {isa = PBXBuildFile; fileRef = 3476843F1BA5195600F1B53C /* Main.storyboard */; };
		347684431BA5195600F1B53C /* Images.xcassets in Resources */ = {isa = PBXBuildFile; fileRef = 347684421BA5195600F1B53C /* Images.xcassets */; };
		347684461BA5195600F1B53C /* LaunchScreen.xib in Resources */ = {isa = PBXBuildFile; fileRef = 347684441BA5195600F1B53C /* LaunchScreen.xib */; };
		347684521BA5195600F1B53C /* sampleTests.m in Sources */ = {isa = PBXBuildFile; fileRef = 347684511BA5195600F1B53C /* sampleTests.m */; };
/* End PBXBuildFile section */

/* Begin PBXContainerItemProxy section */
		3476844C1BA5195600F1B53C /* PBXContainerItemProxy */ = {
			isa = PBXContainerItemProxy;
			containerPortal = 3476842A1BA5195600F1B53C /* Project object */;
			proxyType = 1;
			remoteGlobalIDString = 347684311BA5195600F1B53C;
			remoteInfo = sample;
		};
/* End PBXContainerItemProxy section */

/* Begin PBXFileReference section */
		347684321BA5195600F1B53C /* sample.app */ = {isa = PBXFileReference; explicitFileType = wrapper.application; includeInIndex = 0; path = sample.app; sourceTree = BUILT_PRODUCTS_DIR; };
		347684361BA5195600F1B53C /* Info.plist */ = {isa = PBXFileReference; lastKnownFileType = text.plist.xml; path = Info.plist; sourceTree = "<group>"; };
		347684371BA5195600F1B53C /* main.m */ = {isa = PBXFileReference; lastKnownFileType = sourcecode.c.objc; path = main.m; sourceTree = "<group>"; };
		347684391BA5195600F1B53C /* AppDelegate.h */ = {isa = PBXFileReference; lastKnownFileType = sourcecode.c.h; path = AppDelegate.h; sourceTree = "<group>"; };
		3476843A1BA5195600F1B53C /* AppDelegate.m */ = {isa = PBXFileReference; lastKnownFileType = sourcecode.c.objc; path = AppDelegate.m; sourceTree = "<group>"; };
		3476843C1BA5195600F1B53C /* ViewController.h */ = {isa = PBXFileReference; lastKnownFileType = sourcecode.c.h; path = ViewController.h; sourceTree = "<group>"; };
		3476843D1BA5195600F1B53C /* ViewController.m */ = {isa = PBXFileReference; lastKnownFileType = sourcecode.c.objc; path = ViewController.m; sourceTree = "<group>"; };
		347684401BA5195600F1B53C /* Base */ = {isa = PBXFileReference; lastKnownFileType = file.storyboard; name = Base; path = Base.lproj/Main.storyboard; sourceTree = "<group>"; };
		347684421BA5195600F1B53C /* Images.xcassets */ = {isa = PBXFileReference; lastKnownFileType = folder.assetcatalog; path = Images.xcassets; sourceTree = "<group>"; };
		347684451BA5195600F1B53C /* Base */ = {isa = PBXFileReference; lastKnownFileType = file.xib; name = Base; path = Base.lproj/LaunchScreen.xib; sourceTree = "<group>"; };
		3476844B1BA5195600F1B53C /* sampleTests.xctest */ = {isa = PBXFileReference; explicitFileType = wrapper.cfbundle; includeInIndex = 0; path = sampleTests.xctest; sourceTree = BUILT_PRODUCTS_DIR; };
		347684501BA5195600F1B53C /* Info.plist */ = {isa = PBXFileReference; lastKnownFileType = text.plist.xml; path = Info.plist; sourceTree = "<group>"; };
		347684511BA5195600F1B53C /* sampleTests.m */ = {isa = PBXFileReference; lastKnownFileType = sourcecode.c.objc; path = sampleTests.m; sourceTree = "<group>"; };
/* End PBXFileReference section */

/* Begin PBXFrameworksBuildPhase section */
		3476842F1BA5195600F1B53C /* Frameworks */ = {
			isa = PBXFrameworksBuildPhase;
			buildActionMask = 2147483647;
			files = (
			);
			runOnlyForDeploymentPostprocessing = 0;
		};
		347684481BA5195600F1B53C /* Frameworks */ = {
			isa = PBXFrameworksBuildPhase;
			buildActionMask = 2147483647;
			files = (
			);
			runOnlyForDeploymentPostprocessing = 0;
		};
/* End PBXFrameworksBuildPhase section */

/* Begin PBXGroup section */
		347684291BA5195600F1B53C = {
			isa = PBXGroup;
			children = (
				347684341BA5195600F1B53C /* sample */,
				3476844E1BA5195600F1B53C /* sampleTests */,
				347684331BA5195600F1B53C /* Products */,
			);
			sourceTree = "<group>";
		};
		347684331BA5195600F1B53C /* Products */ = {
			isa = PBXGroup;
			children = (
				347684321BA5195600F1B53C /* sample.app */,
				3476844B1BA5195600F1B53C /* sampleTests.xctest */,
			);
			name = Products;
			sourceTree = "<group>";
		};
		347684341BA5195600F1B53C /* sample */ = {
			isa = PBXGroup;
			children = (
				347684391BA5195600F1B53C /* AppDelegate.h */,
				3476843A1BA5195600F1B53C /* AppDelegate.m */,
				3476843C1BA5195600F1B53C /* ViewController.h */,
				3476843D1BA5195600F1B53C /* ViewController.m */,
				3476843F1BA5195600F1B53C /* Main.storyboard */,
				347684421BA5195600F1B53C /* Images.xcassets */,
				347684441BA5195600F1B53C /* LaunchScreen.xib */,
				347684351BA5195600F1B53C /* Supporting Files */,
			);
			path = sample;
			sourceTree = "<group>";
		};
		347684351BA5195600F1B53C /* Supporting Files */ = {
			isa = PBXGroup;
			children = (
				347684361BA5195600F1B53C /* Info.plist */,
				347684371BA5195600F1B53C /* main.m */,
			);
			name = "Supporting Files";
			sourceTree = "<group>";
		};
		3476844E1BA5195600F1B53C /* sampleTests */ = {
			isa = PBXGroup;
			children = (
				347684511BA5195600F1B53C /* sampleTests.m */,
				3476844F1BA5195600F1B53C /* Supporting Files */,
			);
			path = sampleTests;
			sourceTree = "<group>";
		};
		3476844F1BA5195600F1B53C /* Supporting Files */ = {
			isa = PBXGroup;
			children = (
				347684501BA5195600F1B53C /* Info.plist */,
			);
			name = "Supporting Files";
			sourceTree = "<group>";
		};
/* End PBXGroup section */

/* Begin PBXNativeTarget section */
		347684311BA5195600F1B53C /* sample */ = {
			isa = PBXNativeTarget;
			buildConfigurationList = 347684551BA5195600F1B53C /* Build configuration list for PBXNativeTarget "sample" */;
			buildPhases = (
				3476842E1BA5195600F1B53C /* Sources */,
				3476842F1BA5195600F1B53C /* Frameworks */,
				347684301BA5195600F1B53C /* Resources */,
			);
			buildRules = (
			);
			dependencies = (
			);
			name = sample;
			productName = sample;
			productReference = 347684321BA5195600F1B53C /* sample.app */;
			productType = "com.apple.product-type.application";
		};
		3476844A1BA5195600F1B53C /* sampleTests */ = {
			isa = PBXNativeTarget;
			buildConfigurationList = 347684581BA5195600F1B53C /* Build configuration list for PBXNativeTarget "sampleTests" */;
			buildPhases = (
				347684471BA5195600F1B53C /* Sources */,
				347684481BA5195600F1B53C /* Frameworks */,
				347684491BA5195600F1B53C /* Resources */,
			);
			buildRules = (
			);
			dependencies = (
				3476844D1BA5195600F1B53C /* PBXTargetDependency */,
			);
			name = sampleTests;
			productName = sampleTests;
			productReference = 3476844B1BA5195600F1B53C /* sampleTests.xctest */;
			productType = "com.apple.product-type.bundle.unit-test";
		};
/* End PBXNativeTarget section */

/* Begin PBXProject section */
		3476842A1BA5195600F1B53C /* Project object */ = {
			isa = PBXProject;
			attributes = {
				LastUpgradeCheck = 0640;
				ORGANIZATIONNAME = "Lucky Fox";
				TargetAttributes = {
					347684311BA5195600F1B53C = {
						CreatedOnToolsVersion = 6.4;
					};
					3476844A1BA5195600F1B53C = {
						CreatedOnToolsVersion = 6.4;
						TestTargetID = 347684311BA5195600F1B53C;
					};
				};
			};
			buildConfigurationList = 3476842D1BA5195600F1B53C /* Build configuration list for PBXProject "sample" */;
			compatibilityVersion = "Xcode 3.2";
			developmentRegion = English;
			hasScannedForEncodings = 0;
			knownRegions = (
				en,
				Base,
			);
			mainGroup = 347684291BA5195600F1B53C;
			productRefGroup = 347684331BA5195600F1B53C /* Products */;
			projectDirPath = "";
			projectRoot = "";
			targets = (
				347684311BA5195600F1B53C /* sample */,
				3476844A1BA5195600F1B53C /* sampleTests */,
			);
		};
/* End PBXProject section */

/* Begin PBXResourcesBuildPhase section */
		347684301BA5195600F1B53C /* Resources */ = {
			isa = PBXResourcesBuildPhase;
			buildActionMask = 2147483647;
			files = (
				347684411BA5195600F1B53C /* Main.storyboard in Resources */,
				347684461BA5195600F1B53C /* LaunchScreen.xib in Resources */,
				347684431BA5195600F1B53C /* Images.xcassets in Resources */,
			);
			runOnlyForDeploymentPostprocessing = 0;
		};
		347684491BA5195600F1B53C /* Resources */ = {
			isa = PBXResourcesBuildPhase;
			buildActionMask = 2147483647;
			files = (
			);
			runOnlyForDeploymentPostprocessing = 0;
		};
/* End PBXResourcesBuildPhase section */

/* Begin PBXSourcesBuildPhase section */
		3476842E1BA5195600F1B53C /* Sources */ = {
			isa = PBXSourcesBuildPhase;
			buildActionMask = 2147483647;
			files = (
				3476843E1BA5195600F1B53C /* ViewController.m in Sources */,
				3476843B1BA5195600F1B53C /* AppDelegate.m in Sources */,
				347684381BA5195600F1B53C /* main.m in Sources */,
			);
			runOnlyForDeploymentPostprocessing = 0;
		};
		347684471BA5195600F1B53C /* Sources */ = {
			isa = PBXSourcesBuildPhase;
			buildActionMask = 2147483647;
			files = (
				347684521BA5195600F1B53C /* sampleTests.m in Sources */,
			);
			runOnlyForDeploymentPostprocessing = 0;
		};
/* End PBXSourcesBuildPhase section */

/* Begin PBXTargetDependency section */
		3476844D1BA5195600F1B53C /* PBXTargetDependency */ = {
			isa = PBXTargetDependency;
			target = 347684311BA5195600F1B53C /* sample */;
			targetProxy = 3476844C1BA5195600F1B53C /* PBXContainerItemProxy */;
		};
/* End PBXTargetDependency section */

/* Begin PBXVariantGroup section */
		3476843F1BA5195600F1B53C /* Main.storyboard */ = {
			isa = PBXVariantGroup;
			children = (
				347684401BA5195600F1B53C /* Base */,
			);
			name = Main.storyboard;
			sourceTree = "<group>";
		};
		347684441BA5195600F1B53C /* LaunchScreen.xib */ = {
			isa = PBXVariantGroup;
			children = (
				347684451BA5195600F1B53C /* Base */,
			);
			name = LaunchScreen.xib;
			sourceTree = "<group>";
		};
/* End PBXVariantGroup section */

/* Begin XCBuildConfiguration section */
		347684531BA5195600F1B53C /* Debug */ = {
			isa = XCBuildConfiguration;
			buildSettings = {
				ALWAYS_SEARCH_USER_PATHS = NO;
				CLANG_CXX_LANGUAGE_STANDARD = "gnu++0x";
				CLANG_CXX_LIBRARY = "libc++";
				CLANG_ENABLE_MODULES = YES;
				CLANG_ENABLE_OBJC_ARC = YES;
				CLANG_WARN_BOOL_CONVERSION = YES;
				CLANG_WARN_CONSTANT_CONVERSION = YES;
				CLANG_WARN_DIRECT_OBJC_ISA_USAGE = YES_ERROR;
				CLANG_WARN_EMPTY_BODY = YES;
				CLANG_WARN_ENUM_CONVERSION = YES;
				CLANG_WARN_INT_CONVERSION = YES;
				CLANG_WARN_OBJC_ROOT_CLASS = YES_ERROR;
				CLANG_WARN_UNREACHABLE_CODE = YES;
				CLANG_WARN__DUPLICATE_METHOD_MATCH = YES;
				"CODE_SIGN_IDENTITY[sdk=iphoneos*]" = "iPhone Developer";
				COPY_PHASE_STRIP = NO;
				DEBUG_INFORMATION_FORMAT = "dwarf-with-dsym";
				ENABLE_STRICT_OBJC_MSGSEND = YES;
				GCC_C_LANGUAGE_STANDARD = gnu99;
				GCC_DYNAMIC_NO_PIC = NO;
				GCC_NO_COMMON_BLOCKS = YES;
				GCC_OPTIMIZATION_LEVEL = 0;
				GCC_PREPROCESSOR_DEFINITIONS = (
					"DEBUG=1",
					"$(inherited)",
				);
				GCC_SYMBOLS_PRIVATE_EXTERN = NO;
				GCC_WARN_64_TO_32_BIT_CONVERSION = YES;
				GCC_WARN_ABOUT_RETURN_TYPE = YES_ERROR;
				GCC_WARN_UNDECLARED_SELECTOR = YES;
				GCC_WARN_UNINITIALIZED_AUTOS = YES_AGGRESSIVE;
				GCC_WARN_UNUSED_FUNCTION = YES;
				GCC_WARN_UNUSED_VARIABLE = YES;
				IPHONEOS_DEPLOYMENT_TARGET = 8.4;
				MTL_ENABLE_DEBUG_INFO = YES;
				ONLY_ACTIVE_ARCH = YES;
				SDKROOT = iphoneos;
				TARGETED_DEVICE_FAMILY = "1,2";
			};
			name = Debug;
		};
		347684541BA5195600F1B53C /* Release */ = {
			isa = XCBuildConfiguration;
			buildSettings = {
				ALWAYS_SEARCH_USER_PATHS = NO;
				CLANG_CXX_LANGUAGE_STANDARD = "gnu++0x";
				CLANG_CXX_LIBRARY = "libc++";
				CLANG_ENABLE_MODULES = YES;
				CLANG_ENABLE_OBJC_ARC = YES;
				CLANG_WARN_BOOL_CONVERSION = YES;
				CLANG_WARN_CONSTANT_CONVERSION = YES;
				CLANG_WARN_DIRECT_OBJC_ISA_USAGE = YES_ERROR;
				CLANG_WARN_EMPTY_BODY = YES;
				CLANG_WARN_ENUM_CONVERSION = YES;
				CLANG_WARN_INT_CONVERSION = YES;
				CLANG_WARN_OBJC_ROOT_CLASS = YES_ERROR;
				CLANG_WARN_UNREACHABLE_CODE = YES;
				CLANG_WARN__DUPLICATE_METHOD_MATCH = YES;
				"CODE_SIGN_IDENTITY[sdk=iphoneos*]" = "iPhone Developer";
				COPY_PHASE_STRIP = NO;
				DEBUG_INFORMATION_FORMAT = "dwarf-with-dsym";
				ENABLE_NS_ASSERTIONS = NO;
				ENABLE_STRICT_OBJC_MSGSEND = YES;
				GCC_C_LANGUAGE_STANDARD = gnu99;
				GCC_NO_COMMON_BLOCKS = YES;
				GCC_WARN_64_TO_32_BIT_CONVERSION = YES;
				GCC_WARN_ABOUT_RETURN_TYPE = YES_ERROR;
				GCC_WARN_UNDECLARED_SELECTOR = YES;
				GCC_WARN_UNINITIALIZED_AUTOS = YES_AGGRESSIVE;
				GCC_WARN_UNUSED_FUNCTION = YES;
				GCC_WARN_UNUSED_VARIABLE = YES;
				IPHONEOS_DEPLOYMENT_TARGET = 8.4;
				MTL_ENABLE_DEBUG_INFO = NO;
				SDKROOT = iphoneos;
				TARGETED_DEVICE_FAMILY = "1,2";
				VALIDATE_PRODUCT = YES;
			};
			name = Release;
		};
		347684561BA5195600F1B53C /* Debug */ = {
			isa = XCBuildConfiguration;
			buildSettings = {
				ASSETCATALOG_COMPILER_APPICON_NAME = AppIcon;
				INFOPLIST_FILE = sample/Info.plist;
				LD_RUNPATH_SEARCH_PATHS = "$(inherited) @executable_path/Frameworks";
				PRODUCT_NAME = "$(TARGET_NAME)";
			};
			name = Debug;
		};
		347684571BA5195600F1B53C /* Release */ = {
			isa = XCBuildConfiguration;
			buildSettings = {
				ASSETCATALOG_COMPILER_APPICON_NAME = AppIcon;
				INFOPLIST_FILE = sample/Info.plist;
				LD_RUNPATH_SEARCH_PATHS = "$(inherited) @executable_path/Frameworks";
				PRODUCT_NAME = "$(TARGET_NAME)";
			};
			name = Release;
		};
		347684591BA5195600F1B53C /* Debug */ = {
			isa = XCBuildConfiguration;
			buildSettings = {
				BUNDLE_LOADER = "$(TEST_HOST)";
				FRAMEWORK_SEARCH_PATHS = (
					"$(SDKROOT)/Developer/Library/Frameworks",
					"$(inherited)",
				);
				GCC_PREPROCESSOR_DEFINITIONS = (
					"DEBUG=1",
					"$(inherited)",
				);
				INFOPLIST_FILE = sampleTests/Info.plist;
				LD_RUNPATH_SEARCH_PATHS = "$(inherited) @executable_path/Frameworks @loader_path/Frameworks";
				PRODUCT_NAME = "$(TARGET_NAME)";
				TEST_HOST = "$(BUILT_PRODUCTS_DIR)/sample.app/sample";
			};
			name = Debug;
		};
		3476845A1BA5195600F1B53C /* Release */ = {
			isa = XCBuildConfiguration;
			buildSettings = {
				BUNDLE_LOADER = "$(TEST_HOST)";
				FRAMEWORK_SEARCH_PATHS = (
					"$(SDKROOT)/Developer/Library/Frameworks",
					"$(inherited)",
				);
				INFOPLIST_FILE = sampleTests/Info.plist;
				LD_RUNPATH_SEARCH_PATHS = "$(inherited) @executable_path/Frameworks @loader_path/Frameworks";
				PRODUCT_NAME = "$(TARGET_NAME)";
				TEST_HOST = "$(BUILT_PRODUCTS_DIR)/sample.app/sample";
			};
			name = Release;
		};
/* End XCBuildConfiguration section */

/* Begin XCConfigurationList section */
		3476842D1BA5195600F1B53C /* Build configuration list for PBXProject "sample" */ = {
			isa = XCConfigurationList;
			buildConfigurations = (
				347684531BA5195600F1B53C /* Debug */,
				347684541BA5195600F1B53C /* Release */,
			);
			defaultConfigurationIsVisible = 0;
			defaultConfigurationName = Release;
		};
		347684551BA5195600F1B53C /* Build configuration list for PBXNativeTarget "sample" */ = {
			isa = XCConfigurationList;
			buildConfigurations = (
				347684561BA5195600F1B53C /* Debug */,
				347684571BA5195600F1B53C /* Release */,
			);
			defaultConfigurationIsVisible = 0;
		};
		347684581BA5195600F1B53C /* Build configuration list for PBXNativeTarget "sampleTests" */ = {
			isa = XCConfigurationList;
			buildConfigurations = (
				347684591BA5195600F1B53C /* Debug */,
				3476845A1BA5195600F1B53C /* Release */,
			);
			defaultConfigurationIsVisible = 0;
		};
/* End XCConfigurationList section */
	};
	rootObject = 3476842A1BA5195600F1B53C /* Project object */;
}
